
Microsoft Visual Studio Solution File, Format Version 12.00
Project("{FAE04EC0-301F-11D3-BF4B-00C04F79EFBC}") = "Gestor_De_Biblioteca_T3", "Gestor_De_Biblioteca_T3.csproj", "{5F3079C4-597A-48E2-89FD-0E96F647DBCE}"
EndProject
Global
	GlobalSection(SolutionConfigurationPlatforms) = preSolution
		Debug|Any CPU = Debug|Any CPU
		Release|Any CPU = Release|Any CPU
	EndGlobalSection
	GlobalSection(ProjectConfigurationPlatforms) = postSolution
		{5F3079C4-597A-48E2-89FD-0E96F647DBCE}.Debug|Any CPU.ActiveCfg = Debug|Any CPU
		{5F3079C4-597A-48E2-89FD-0E96F647DBCE}.Debug|Any CPU.Build.0 = Debug|Any CPU
		{5F3079C4-597A-48E2-89FD-0E96F647DBCE}.Release|Any CPU.ActiveCfg = Release|Any CPU
		{5F3079C4-597A-48E2-89FD-0E96F647DBCE}.Release|Any CPU.Build.0 = Release|Any CPU
	EndGlobalSection
EndGlobal
